// !$*UTF8*$!
{
	archiveVersion = 1;
	classes = {
	};
	objectVersion = 56;
	objects = {

/* Begin PBXBuildFile section */
		8723483F2B1922560035A32C /* ImageRow.swift in Sources */ = {isa = PBXBuildFile; fileRef = 8723483E2B1922560035A32C /* ImageRow.swift */; };
		872348412B1922C20035A32C /* ImageCircle.swift in Sources */ = {isa = PBXBuildFile; fileRef = 872348402B1922C20035A32C /* ImageCircle.swift */; };
		872348432B1923320035A32C /* ImageLoadingViewModel.swift in Sources */ = {isa = PBXBuildFile; fileRef = 872348422B1923320035A32C /* ImageLoadingViewModel.swift */; };
		872C3A502B114C3D0092D8AD /* FileManager.swift in Sources */ = {isa = PBXBuildFile; fileRef = 872C3A4F2B114C3D0092D8AD /* FileManager.swift */; };
		87621CCA2B0BA0D900DE4171 /* Timer.swift in Sources */ = {isa = PBXBuildFile; fileRef = 87621CC92B0BA0D900DE4171 /* Timer.swift */; };
		87676D452AFE6C3400E73AB6 /* MultipleSheets2.swift in Sources */ = {isa = PBXBuildFile; fileRef = 87676D442AFE6C3400E73AB6 /* MultipleSheets2.swift */; };
		87676D472AFE6C4500E73AB6 /* MultipleSheets3.swift in Sources */ = {isa = PBXBuildFile; fileRef = 87676D462AFE6C4500E73AB6 /* MultipleSheets3.swift */; };
		87676D4A2AFE789800E73AB6 /* Mask.swift in Sources */ = {isa = PBXBuildFile; fileRef = 87676D492AFE789800E73AB6 /* Mask.swift */; };
		87676D4E2AFE83BE00E73AB6 /* Sounds.swift in Sources */ = {isa = PBXBuildFile; fileRef = 87676D4D2AFE83BE00E73AB6 /* Sounds.swift */; };
		87676D512AFE861300E73AB6 /* tada.mp3 in Resources */ = {isa = PBXBuildFile; fileRef = 87676D502AFE861300E73AB6 /* tada.mp3 */; };
		87676D532AFE861B00E73AB6 /* badum.mp3 in Resources */ = {isa = PBXBuildFile; fileRef = 87676D522AFE861B00E73AB6 /* badum.mp3 */; };
		87676D552AFE897800E73AB6 /* Haptics.swift in Sources */ = {isa = PBXBuildFile; fileRef = 87676D542AFE897800E73AB6 /* Haptics.swift */; };
		87676D572AFE8CE100E73AB6 /* LocalNotifications.swift in Sources */ = {isa = PBXBuildFile; fileRef = 87676D562AFE8CE100E73AB6 /* LocalNotifications.swift */; };
		87676D592AFEF03600E73AB6 /* Hashable.swift in Sources */ = {isa = PBXBuildFile; fileRef = 87676D582AFEF03600E73AB6 /* Hashable.swift */; };
		87676D5C2AFEF66500E73AB6 /* Arrays.swift in Sources */ = {isa = PBXBuildFile; fileRef = 87676D5B2AFEF66500E73AB6 /* Arrays.swift */; };
		878C08852B057A5E00C5A018 /* CoreDataRelationships.swift in Sources */ = {isa = PBXBuildFile; fileRef = 878C08842B057A5E00C5A018 /* CoreDataRelationships.swift */; };
		878C08882B057B9000C5A018 /* CoreDataContainer.xcdatamodeld in Sources */ = {isa = PBXBuildFile; fileRef = 878C08862B057B9000C5A018 /* CoreDataContainer.xcdatamodeld */; };
		87A16D7A2B139CF100317A1B /* Caching.swift in Sources */ = {isa = PBXBuildFile; fileRef = 87A16D792B139CF100317A1B /* Caching.swift */; };
		87C127B72B0BCEE100BD1153 /* Subscriber.swift in Sources */ = {isa = PBXBuildFile; fileRef = 87C127B62B0BCEE100BD1153 /* Subscriber.swift */; };
		87CE1DE22B14E534005863C7 /* ImageApp.swift in Sources */ = {isa = PBXBuildFile; fileRef = 87CE1DE12B14E534005863C7 /* ImageApp.swift */; };
		87CE1DE42B14E7EF005863C7 /* PhotoModel.swift in Sources */ = {isa = PBXBuildFile; fileRef = 87CE1DE32B14E7EF005863C7 /* PhotoModel.swift */; };
		87CE1DE62B14E860005863C7 /* ImageAppViewModel.swift in Sources */ = {isa = PBXBuildFile; fileRef = 87CE1DE52B14E860005863C7 /* ImageAppViewModel.swift */; };
		87CE1DE82B14E919005863C7 /* PhotoModelDataService.swift in Sources */ = {isa = PBXBuildFile; fileRef = 87CE1DE72B14E919005863C7 /* PhotoModelDataService.swift */; };
		87D0EFC72AFD3C6F00EF1672 /* SwiftUIInterApp.swift in Sources */ = {isa = PBXBuildFile; fileRef = 87D0EFC62AFD3C6F00EF1672 /* SwiftUIInterApp.swift */; };
		87D0EFCB2AFD3C7200EF1672 /* Assets.xcassets in Resources */ = {isa = PBXBuildFile; fileRef = 87D0EFCA2AFD3C7200EF1672 /* Assets.xcassets */; };
		87D0EFCE2AFD3C7200EF1672 /* Preview Assets.xcassets in Resources */ = {isa = PBXBuildFile; fileRef = 87D0EFCD2AFD3C7200EF1672 /* Preview Assets.xcassets */; };
		87D0EFD52AFD3CB300EF1672 /* LongPressGesture.swift in Sources */ = {isa = PBXBuildFile; fileRef = 87D0EFD42AFD3CB300EF1672 /* LongPressGesture.swift */; };
		87D0EFD72AFD462B00EF1672 /* MagnificationGesture.swift in Sources */ = {isa = PBXBuildFile; fileRef = 87D0EFD62AFD462B00EF1672 /* MagnificationGesture.swift */; };
		87D0EFD92AFD54FB00EF1672 /* RotationGesture.swift in Sources */ = {isa = PBXBuildFile; fileRef = 87D0EFD82AFD54FB00EF1672 /* RotationGesture.swift */; };
		87D0EFDB2AFD590A00EF1672 /* DragGesture.swift in Sources */ = {isa = PBXBuildFile; fileRef = 87D0EFDA2AFD590A00EF1672 /* DragGesture.swift */; };
		87D0EFDD2AFD5DA900EF1672 /* DragGesture2.swift in Sources */ = {isa = PBXBuildFile; fileRef = 87D0EFDC2AFD5DA900EF1672 /* DragGesture2.swift */; };
		87DA48DF2AFE651F009C5A66 /* GeometryReader2.swift in Sources */ = {isa = PBXBuildFile; fileRef = 87DA48DE2AFE651F009C5A66 /* GeometryReader2.swift */; };
		87DA48E12AFE690A009C5A66 /* MultipleSheets.swift in Sources */ = {isa = PBXBuildFile; fileRef = 87DA48E02AFE690A009C5A66 /* MultipleSheets.swift */; };
		87E8AA1C2B08DD2200A5F2D4 /* BackgroundThread.swift in Sources */ = {isa = PBXBuildFile; fileRef = 87E8AA1B2B08DD2200A5F2D4 /* BackgroundThread.swift */; };
		87E8AA1F2B08F1A900A5F2D4 /* WeakSelf.swift in Sources */ = {isa = PBXBuildFile; fileRef = 87E8AA1E2B08F1A900A5F2D4 /* WeakSelf.swift */; };
		87E8AA222B09001A00A5F2D4 /* Typealias.swift in Sources */ = {isa = PBXBuildFile; fileRef = 87E8AA212B09001A00A5F2D4 /* Typealias.swift */; };
		87E8AA252B09039800A5F2D4 /* Escaping.swift in Sources */ = {isa = PBXBuildFile; fileRef = 87E8AA242B09039800A5F2D4 /* Escaping.swift */; };
		87E8AA282B090DA600A5F2D4 /* Codable.swift in Sources */ = {isa = PBXBuildFile; fileRef = 87E8AA272B090DA600A5F2D4 /* Codable.swift */; };
		87FB08002B02E54200D757B2 /* CoreData.swift in Sources */ = {isa = PBXBuildFile; fileRef = 87FB07FF2B02E54200D757B2 /* CoreData.swift */; };
		87FB08032B02E69500D757B2 /* FruitsContainer.xcdatamodeld in Sources */ = {isa = PBXBuildFile; fileRef = 87FB08012B02E69500D757B2 /* FruitsContainer.xcdatamodeld */; };
		87FB2C2E2AFD961300480B5C /* ScrollViewReader.swift in Sources */ = {isa = PBXBuildFile; fileRef = 87FB2C2D2AFD961300480B5C /* ScrollViewReader.swift */; };
		87FB2C322AFD9DB000480B5C /* GeometryReader.swift in Sources */ = {isa = PBXBuildFile; fileRef = 87FB2C312AFD9DB000480B5C /* GeometryReader.swift */; };
		87FCA9822B0A5FB900B7AF59 /* DownloadEscaping.swift in Sources */ = {isa = PBXBuildFile; fileRef = 87FCA9812B0A5FB900B7AF59 /* DownloadEscaping.swift */; };
		87FCA9852B0A6F1F00B7AF59 /* DownloadCombine.swift in Sources */ = {isa = PBXBuildFile; fileRef = 87FCA9842B0A6F1F00B7AF59 /* DownloadCombine.swift */; };
/* End PBXBuildFile section */

/* Begin PBXFileReference section */
		8723483E2B1922560035A32C /* ImageRow.swift */ = {isa = PBXFileReference; lastKnownFileType = sourcecode.swift; path = ImageRow.swift; sourceTree = "<group>"; };
		872348402B1922C20035A32C /* ImageCircle.swift */ = {isa = PBXFileReference; lastKnownFileType = sourcecode.swift; path = ImageCircle.swift; sourceTree = "<group>"; };
		872348422B1923320035A32C /* ImageLoadingViewModel.swift */ = {isa = PBXFileReference; lastKnownFileType = sourcecode.swift; path = ImageLoadingViewModel.swift; sourceTree = "<group>"; };
		872C3A4F2B114C3D0092D8AD /* FileManager.swift */ = {isa = PBXFileReference; lastKnownFileType = sourcecode.swift; path = FileManager.swift; sourceTree = "<group>"; };
		87621CC92B0BA0D900DE4171 /* Timer.swift */ = {isa = PBXFileReference; lastKnownFileType = sourcecode.swift; path = Timer.swift; sourceTree = "<group>"; };
		87676D442AFE6C3400E73AB6 /* MultipleSheets2.swift */ = {isa = PBXFileReference; lastKnownFileType = sourcecode.swift; path = MultipleSheets2.swift; sourceTree = "<group>"; };
		87676D462AFE6C4500E73AB6 /* MultipleSheets3.swift */ = {isa = PBXFileReference; lastKnownFileType = sourcecode.swift; path = MultipleSheets3.swift; sourceTree = "<group>"; };
		87676D492AFE789800E73AB6 /* Mask.swift */ = {isa = PBXFileReference; lastKnownFileType = sourcecode.swift; path = Mask.swift; sourceTree = "<group>"; };
		87676D4D2AFE83BE00E73AB6 /* Sounds.swift */ = {isa = PBXFileReference; lastKnownFileType = sourcecode.swift; path = Sounds.swift; sourceTree = "<group>"; };
		87676D502AFE861300E73AB6 /* tada.mp3 */ = {isa = PBXFileReference; lastKnownFileType = audio.mp3; path = tada.mp3; sourceTree = "<group>"; };
		87676D522AFE861B00E73AB6 /* badum.mp3 */ = {isa = PBXFileReference; lastKnownFileType = audio.mp3; path = badum.mp3; sourceTree = "<group>"; };
		87676D542AFE897800E73AB6 /* Haptics.swift */ = {isa = PBXFileReference; lastKnownFileType = sourcecode.swift; path = Haptics.swift; sourceTree = "<group>"; };
		87676D562AFE8CE100E73AB6 /* LocalNotifications.swift */ = {isa = PBXFileReference; lastKnownFileType = sourcecode.swift; path = LocalNotifications.swift; sourceTree = "<group>"; };
		87676D582AFEF03600E73AB6 /* Hashable.swift */ = {isa = PBXFileReference; lastKnownFileType = sourcecode.swift; path = Hashable.swift; sourceTree = "<group>"; };
		87676D5B2AFEF66500E73AB6 /* Arrays.swift */ = {isa = PBXFileReference; lastKnownFileType = sourcecode.swift; path = Arrays.swift; sourceTree = "<group>"; };
		878C08842B057A5E00C5A018 /* CoreDataRelationships.swift */ = {isa = PBXFileReference; lastKnownFileType = sourcecode.swift; path = CoreDataRelationships.swift; sourceTree = "<group>"; };
		878C08872B057B9000C5A018 /* CoreDataContainer.xcdatamodel */ = {isa = PBXFileReference; lastKnownFileType = wrapper.xcdatamodel; path = CoreDataContainer.xcdatamodel; sourceTree = "<group>"; };
		87A16D792B139CF100317A1B /* Caching.swift */ = {isa = PBXFileReference; lastKnownFileType = sourcecode.swift; path = Caching.swift; sourceTree = "<group>"; };
		87C127B62B0BCEE100BD1153 /* Subscriber.swift */ = {isa = PBXFileReference; lastKnownFileType = sourcecode.swift; path = Subscriber.swift; sourceTree = "<group>"; };
		87CE1DE12B14E534005863C7 /* ImageApp.swift */ = {isa = PBXFileReference; lastKnownFileType = sourcecode.swift; path = ImageApp.swift; sourceTree = "<group>"; };
		87CE1DE32B14E7EF005863C7 /* PhotoModel.swift */ = {isa = PBXFileReference; lastKnownFileType = sourcecode.swift; path = PhotoModel.swift; sourceTree = "<group>"; };
		87CE1DE52B14E860005863C7 /* ImageAppViewModel.swift */ = {isa = PBXFileReference; lastKnownFileType = sourcecode.swift; path = ImageAppViewModel.swift; sourceTree = "<group>"; };
		87CE1DE72B14E919005863C7 /* PhotoModelDataService.swift */ = {isa = PBXFileReference; lastKnownFileType = sourcecode.swift; path = PhotoModelDataService.swift; sourceTree = "<group>"; };
		87D0EFC32AFD3C6F00EF1672 /* SwiftUIInter.app */ = {isa = PBXFileReference; explicitFileType = wrapper.application; includeInIndex = 0; path = SwiftUIInter.app; sourceTree = BUILT_PRODUCTS_DIR; };
		87D0EFC62AFD3C6F00EF1672 /* SwiftUIInterApp.swift */ = {isa = PBXFileReference; lastKnownFileType = sourcecode.swift; path = SwiftUIInterApp.swift; sourceTree = "<group>"; };
		87D0EFCA2AFD3C7200EF1672 /* Assets.xcassets */ = {isa = PBXFileReference; lastKnownFileType = folder.assetcatalog; path = Assets.xcassets; sourceTree = "<group>"; };
		87D0EFCD2AFD3C7200EF1672 /* Preview Assets.xcassets */ = {isa = PBXFileReference; lastKnownFileType = folder.assetcatalog; path = "Preview Assets.xcassets"; sourceTree = "<group>"; };
		87D0EFD42AFD3CB300EF1672 /* LongPressGesture.swift */ = {isa = PBXFileReference; lastKnownFileType = sourcecode.swift; path = LongPressGesture.swift; sourceTree = "<group>"; };
		87D0EFD62AFD462B00EF1672 /* MagnificationGesture.swift */ = {isa = PBXFileReference; lastKnownFileType = sourcecode.swift; path = MagnificationGesture.swift; sourceTree = "<group>"; };
		87D0EFD82AFD54FB00EF1672 /* RotationGesture.swift */ = {isa = PBXFileReference; lastKnownFileType = sourcecode.swift; path = RotationGesture.swift; sourceTree = "<group>"; };
		87D0EFDA2AFD590A00EF1672 /* DragGesture.swift */ = {isa = PBXFileReference; lastKnownFileType = sourcecode.swift; path = DragGesture.swift; sourceTree = "<group>"; };
		87D0EFDC2AFD5DA900EF1672 /* DragGesture2.swift */ = {isa = PBXFileReference; lastKnownFileType = sourcecode.swift; path = DragGesture2.swift; sourceTree = "<group>"; };
		87DA48DE2AFE651F009C5A66 /* GeometryReader2.swift */ = {isa = PBXFileReference; lastKnownFileType = sourcecode.swift; path = GeometryReader2.swift; sourceTree = "<group>"; };
		87DA48E02AFE690A009C5A66 /* MultipleSheets.swift */ = {isa = PBXFileReference; lastKnownFileType = sourcecode.swift; path = MultipleSheets.swift; sourceTree = "<group>"; };
		87E8AA1B2B08DD2200A5F2D4 /* BackgroundThread.swift */ = {isa = PBXFileReference; lastKnownFileType = sourcecode.swift; path = BackgroundThread.swift; sourceTree = "<group>"; };
		87E8AA1E2B08F1A900A5F2D4 /* WeakSelf.swift */ = {isa = PBXFileReference; lastKnownFileType = sourcecode.swift; path = WeakSelf.swift; sourceTree = "<group>"; };
		87E8AA212B09001A00A5F2D4 /* Typealias.swift */ = {isa = PBXFileReference; lastKnownFileType = sourcecode.swift; path = Typealias.swift; sourceTree = "<group>"; };
		87E8AA242B09039800A5F2D4 /* Escaping.swift */ = {isa = PBXFileReference; lastKnownFileType = sourcecode.swift; path = Escaping.swift; sourceTree = "<group>"; };
		87E8AA272B090DA600A5F2D4 /* Codable.swift */ = {isa = PBXFileReference; lastKnownFileType = sourcecode.swift; path = Codable.swift; sourceTree = "<group>"; };
		87FB07FF2B02E54200D757B2 /* CoreData.swift */ = {isa = PBXFileReference; lastKnownFileType = sourcecode.swift; path = CoreData.swift; sourceTree = "<group>"; };
		87FB08022B02E69500D757B2 /* FruitsContainer.xcdatamodel */ = {isa = PBXFileReference; lastKnownFileType = wrapper.xcdatamodel; path = FruitsContainer.xcdatamodel; sourceTree = "<group>"; };
		87FB2C2D2AFD961300480B5C /* ScrollViewReader.swift */ = {isa = PBXFileReference; lastKnownFileType = sourcecode.swift; path = ScrollViewReader.swift; sourceTree = "<group>"; };
		87FB2C312AFD9DB000480B5C /* GeometryReader.swift */ = {isa = PBXFileReference; lastKnownFileType = sourcecode.swift; path = GeometryReader.swift; sourceTree = "<group>"; };
		87FCA9812B0A5FB900B7AF59 /* DownloadEscaping.swift */ = {isa = PBXFileReference; lastKnownFileType = sourcecode.swift; path = DownloadEscaping.swift; sourceTree = "<group>"; };
		87FCA9842B0A6F1F00B7AF59 /* DownloadCombine.swift */ = {isa = PBXFileReference; lastKnownFileType = sourcecode.swift; path = DownloadCombine.swift; sourceTree = "<group>"; };
/* End PBXFileReference section */

/* Begin PBXFrameworksBuildPhase section */
		87D0EFC02AFD3C6F00EF1672 /* Frameworks */ = {
			isa = PBXFrameworksBuildPhase;
			buildActionMask = 2147483647;
			files = (
			);
			runOnlyForDeploymentPostprocessing = 0;
		};
/* End PBXFrameworksBuildPhase section */

/* Begin PBXGroup section */
		872C3A512B114C3F0092D8AD /* 17SavingData */ = {
			isa = PBXGroup;
			children = (
				872C3A4F2B114C3D0092D8AD /* FileManager.swift */,
				87A16D792B139CF100317A1B /* Caching.swift */,
				87CE1DDC2B14E4D6005863C7 /* DownloadAndCacheMiniApp */,
			);
			path = 17SavingData;
			sourceTree = "<group>";
		};
		87621CCB2B0BA0DB00DE4171 /* 14Timer */ = {
			isa = PBXGroup;
			children = (
				87621CC92B0BA0D900DE4171 /* Timer.swift */,
			);
			path = 14Timer;
			sourceTree = "<group>";
		};
		87676D482AFE6C5500E73AB6 /* 3MultipleSheets */ = {
			isa = PBXGroup;
			children = (
				87DA48E02AFE690A009C5A66 /* MultipleSheets.swift */,
				87676D442AFE6C3400E73AB6 /* MultipleSheets2.swift */,
				87676D462AFE6C4500E73AB6 /* MultipleSheets3.swift */,
			);
			path = 3MultipleSheets;
			sourceTree = "<group>";
		};
		87676D4B2AFE7BDE00E73AB6 /* 4Mask */ = {
			isa = PBXGroup;
			children = (
				87676D492AFE789800E73AB6 /* Mask.swift */,
			);
			path = 4Mask;
			sourceTree = "<group>";
		};
		87676D4C2AFE839A00E73AB6 /* 5SoundsHaptics */ = {
			isa = PBXGroup;
			children = (
				87676D4D2AFE83BE00E73AB6 /* Sounds.swift */,
				87676D542AFE897800E73AB6 /* Haptics.swift */,
				87676D562AFE8CE100E73AB6 /* LocalNotifications.swift */,
				87676D4F2AFE860600E73AB6 /* Sounds */,
			);
			path = 5SoundsHaptics;
			sourceTree = "<group>";
		};
		87676D4F2AFE860600E73AB6 /* Sounds */ = {
			isa = PBXGroup;
			children = (
				87676D502AFE861300E73AB6 /* tada.mp3 */,
				87676D522AFE861B00E73AB6 /* badum.mp3 */,
			);
			path = Sounds;
			sourceTree = "<group>";
		};
		87676D5A2AFEF55100E73AB6 /* 6Utilities */ = {
			isa = PBXGroup;
			children = (
				87676D582AFEF03600E73AB6 /* Hashable.swift */,
				87676D5B2AFEF66500E73AB6 /* Arrays.swift */,
			);
			path = 6Utilities;
			sourceTree = "<group>";
		};
		877248702B0EBA8400C96E2D /* 15Subscriber */ = {
			isa = PBXGroup;
			children = (
				87C127B62B0BCEE100BD1153 /* Subscriber.swift */,
			);
			path = 15Subscriber;
			sourceTree = "<group>";
		};
		87CE1DDC2B14E4D6005863C7 /* DownloadAndCacheMiniApp */ = {
			isa = PBXGroup;
			children = (
				87CE1DDE2B14E4EB005863C7 /* Views */,
				87CE1DDF2B14E4F1005863C7 /* ViewModels */,
				87CE1DDD2B14E4E3005863C7 /* Models */,
				87CE1DE02B14E514005863C7 /* Utilities */,
			);
			path = DownloadAndCacheMiniApp;
			sourceTree = "<group>";
		};
		87CE1DDD2B14E4E3005863C7 /* Models */ = {
			isa = PBXGroup;
			children = (
				87CE1DE32B14E7EF005863C7 /* PhotoModel.swift */,
			);
			path = Models;
			sourceTree = "<group>";
		};
		87CE1DDE2B14E4EB005863C7 /* Views */ = {
			isa = PBXGroup;
			children = (
				87CE1DE12B14E534005863C7 /* ImageApp.swift */,
				8723483E2B1922560035A32C /* ImageRow.swift */,
				872348402B1922C20035A32C /* ImageCircle.swift */,
			);
			path = Views;
			sourceTree = "<group>";
		};
		87CE1DDF2B14E4F1005863C7 /* ViewModels */ = {
			isa = PBXGroup;
			children = (
				87CE1DE52B14E860005863C7 /* ImageAppViewModel.swift */,
				872348422B1923320035A32C /* ImageLoadingViewModel.swift */,
			);
			path = ViewModels;
			sourceTree = "<group>";
		};
		87CE1DE02B14E514005863C7 /* Utilities */ = {
			isa = PBXGroup;
			children = (
				87CE1DE72B14E919005863C7 /* PhotoModelDataService.swift */,
			);
			path = Utilities;
			sourceTree = "<group>";
		};
		87D0EFBA2AFD3C6F00EF1672 = {
			isa = PBXGroup;
			children = (
				87D0EFC52AFD3C6F00EF1672 /* SwiftUIInter */,
				87D0EFC42AFD3C6F00EF1672 /* Products */,
			);
			sourceTree = "<group>";
		};
		87D0EFC42AFD3C6F00EF1672 /* Products */ = {
			isa = PBXGroup;
			children = (
				87D0EFC32AFD3C6F00EF1672 /* SwiftUIInter.app */,
			);
			name = Products;
			sourceTree = "<group>";
		};
		87D0EFC52AFD3C6F00EF1672 /* SwiftUIInter */ = {
			isa = PBXGroup;
			children = (
				87D0EFC62AFD3C6F00EF1672 /* SwiftUIInterApp.swift */,
				87FB2C2F2AFD9D4000480B5C /* 1Gestures */,
				87FB2C302AFD9D5500480B5C /* 2Readers */,
				87676D482AFE6C5500E73AB6 /* 3MultipleSheets */,
				87676D4B2AFE7BDE00E73AB6 /* 4Mask */,
				87676D4C2AFE839A00E73AB6 /* 5SoundsHaptics */,
				87676D5A2AFEF55100E73AB6 /* 6Utilities */,
				87FB07FE2B02E27500D757B2 /* 7CoreData */,
				87E8AA1A2B08DD0B00A5F2D4 /* 8BackgroundThread */,
				87E8AA1D2B08F19B00A5F2D4 /* 9WeakSelf */,
				87E8AA202B08FFE900A5F2D4 /* 10Typealias */,
				87E8AA232B09037E00A5F2D4 /* 11Escaping */,
				87E8AA262B090D8100A5F2D4 /* 12Codable */,
				87FCA9832B0A6E6B00B7AF59 /* 13DownloadJSON */,
				87621CCB2B0BA0DB00DE4171 /* 14Timer */,
				877248702B0EBA8400C96E2D /* 15Subscriber */,
				872C3A512B114C3F0092D8AD /* 17SavingData */,
				87D0EFCA2AFD3C7200EF1672 /* Assets.xcassets */,
				87D0EFCC2AFD3C7200EF1672 /* Preview Content */,
			);
			path = SwiftUIInter;
			sourceTree = "<group>";
		};
		87D0EFCC2AFD3C7200EF1672 /* Preview Content */ = {
			isa = PBXGroup;
			children = (
				87D0EFCD2AFD3C7200EF1672 /* Preview Assets.xcassets */,
			);
			path = "Preview Content";
			sourceTree = "<group>";
		};
		87E8AA1A2B08DD0B00A5F2D4 /* 8BackgroundThread */ = {
			isa = PBXGroup;
			children = (
				87E8AA1B2B08DD2200A5F2D4 /* BackgroundThread.swift */,
			);
			path = 8BackgroundThread;
			sourceTree = "<group>";
		};
		87E8AA1D2B08F19B00A5F2D4 /* 9WeakSelf */ = {
			isa = PBXGroup;
			children = (
				87E8AA1E2B08F1A900A5F2D4 /* WeakSelf.swift */,
			);
			path = 9WeakSelf;
			sourceTree = "<group>";
		};
		87E8AA202B08FFE900A5F2D4 /* 10Typealias */ = {
			isa = PBXGroup;
			children = (
				87E8AA212B09001A00A5F2D4 /* Typealias.swift */,
			);
			path = 10Typealias;
			sourceTree = "<group>";
		};
		87E8AA232B09037E00A5F2D4 /* 11Escaping */ = {
			isa = PBXGroup;
			children = (
				87E8AA242B09039800A5F2D4 /* Escaping.swift */,
			);
			path = 11Escaping;
			sourceTree = "<group>";
		};
		87E8AA262B090D8100A5F2D4 /* 12Codable */ = {
			isa = PBXGroup;
			children = (
				87E8AA272B090DA600A5F2D4 /* Codable.swift */,
			);
			path = 12Codable;
			sourceTree = "<group>";
		};
		87FB07FE2B02E27500D757B2 /* 7CoreData */ = {
			isa = PBXGroup;
			children = (
				87FB07FF2B02E54200D757B2 /* CoreData.swift */,
				878C08842B057A5E00C5A018 /* CoreDataRelationships.swift */,
				878C08862B057B9000C5A018 /* CoreDataContainer.xcdatamodeld */,
				87FB08012B02E69500D757B2 /* FruitsContainer.xcdatamodeld */,
			);
			path = 7CoreData;
			sourceTree = "<group>";
		};
		87FB2C2F2AFD9D4000480B5C /* 1Gestures */ = {
			isa = PBXGroup;
			children = (
				87D0EFD42AFD3CB300EF1672 /* LongPressGesture.swift */,
				87D0EFD62AFD462B00EF1672 /* MagnificationGesture.swift */,
				87D0EFD82AFD54FB00EF1672 /* RotationGesture.swift */,
				87D0EFDA2AFD590A00EF1672 /* DragGesture.swift */,
				87D0EFDC2AFD5DA900EF1672 /* DragGesture2.swift */,
			);
			path = 1Gestures;
			sourceTree = "<group>";
		};
		87FB2C302AFD9D5500480B5C /* 2Readers */ = {
			isa = PBXGroup;
			children = (
				87FB2C2D2AFD961300480B5C /* ScrollViewReader.swift */,
				87FB2C312AFD9DB000480B5C /* GeometryReader.swift */,
				87DA48DE2AFE651F009C5A66 /* GeometryReader2.swift */,
			);
			path = 2Readers;
			sourceTree = "<group>";
		};
		87FCA9832B0A6E6B00B7AF59 /* 13DownloadJSON */ = {
			isa = PBXGroup;
			children = (
				87FCA9812B0A5FB900B7AF59 /* DownloadEscaping.swift */,
				87FCA9842B0A6F1F00B7AF59 /* DownloadCombine.swift */,
			);
			path = 13DownloadJSON;
			sourceTree = "<group>";
		};
/* End PBXGroup section */

/* Begin PBXNativeTarget section */
		87D0EFC22AFD3C6F00EF1672 /* SwiftUIInter */ = {
			isa = PBXNativeTarget;
			buildConfigurationList = 87D0EFD12AFD3C7200EF1672 /* Build configuration list for PBXNativeTarget "SwiftUIInter" */;
			buildPhases = (
				87D0EFBF2AFD3C6F00EF1672 /* Sources */,
				87D0EFC02AFD3C6F00EF1672 /* Frameworks */,
				87D0EFC12AFD3C6F00EF1672 /* Resources */,
			);
			buildRules = (
			);
			dependencies = (
			);
			name = SwiftUIInter;
			productName = SwiftUIInter;
			productReference = 87D0EFC32AFD3C6F00EF1672 /* SwiftUIInter.app */;
			productType = "com.apple.product-type.application";
		};
/* End PBXNativeTarget section */

/* Begin PBXProject section */
		87D0EFBB2AFD3C6F00EF1672 /* Project object */ = {
			isa = PBXProject;
			attributes = {
				BuildIndependentTargetsInParallel = 1;
				LastSwiftUpdateCheck = 1500;
				LastUpgradeCheck = 1500;
				TargetAttributes = {
					87D0EFC22AFD3C6F00EF1672 = {
						CreatedOnToolsVersion = 15.0.1;
					};
				};
			};
			buildConfigurationList = 87D0EFBE2AFD3C6F00EF1672 /* Build configuration list for PBXProject "SwiftUIInter" */;
			compatibilityVersion = "Xcode 14.0";
			developmentRegion = en;
			hasScannedForEncodings = 0;
			knownRegions = (
				en,
				Base,
			);
			mainGroup = 87D0EFBA2AFD3C6F00EF1672;
			productRefGroup = 87D0EFC42AFD3C6F00EF1672 /* Products */;
			projectDirPath = "";
			projectRoot = "";
			targets = (
				87D0EFC22AFD3C6F00EF1672 /* SwiftUIInter */,
			);
		};
/* End PBXProject section */

/* Begin PBXResourcesBuildPhase section */
		87D0EFC12AFD3C6F00EF1672 /* Resources */ = {
			isa = PBXResourcesBuildPhase;
			buildActionMask = 2147483647;
			files = (
				87676D532AFE861B00E73AB6 /* badum.mp3 in Resources */,
				87D0EFCE2AFD3C7200EF1672 /* Preview Assets.xcassets in Resources */,
				87D0EFCB2AFD3C7200EF1672 /* Assets.xcassets in Resources */,
				87676D512AFE861300E73AB6 /* tada.mp3 in Resources */,
			);
			runOnlyForDeploymentPostprocessing = 0;
		};
/* End PBXResourcesBuildPhase section */

/* Begin PBXSourcesBuildPhase section */
		87D0EFBF2AFD3C6F00EF1672 /* Sources */ = {
			isa = PBXSourcesBuildPhase;
			buildActionMask = 2147483647;
			files = (
				87D0EFD72AFD462B00EF1672 /* MagnificationGesture.swift in Sources */,
				87CE1DE82B14E919005863C7 /* PhotoModelDataService.swift in Sources */,
				87676D592AFEF03600E73AB6 /* Hashable.swift in Sources */,
				87D0EFDD2AFD5DA900EF1672 /* DragGesture2.swift in Sources */,
				87621CCA2B0BA0D900DE4171 /* Timer.swift in Sources */,
				87FCA9822B0A5FB900B7AF59 /* DownloadEscaping.swift in Sources */,
				87D0EFD92AFD54FB00EF1672 /* RotationGesture.swift in Sources */,
				87676D452AFE6C3400E73AB6 /* MultipleSheets2.swift in Sources */,
				872C3A502B114C3D0092D8AD /* FileManager.swift in Sources */,
				87DA48E12AFE690A009C5A66 /* MultipleSheets.swift in Sources */,
				87D0EFC72AFD3C6F00EF1672 /* SwiftUIInterApp.swift in Sources */,
				87CE1DE62B14E860005863C7 /* ImageAppViewModel.swift in Sources */,
				872348412B1922C20035A32C /* ImageCircle.swift in Sources */,
				8723483F2B1922560035A32C /* ImageRow.swift in Sources */,
				878C08852B057A5E00C5A018 /* CoreDataRelationships.swift in Sources */,
				878C08882B057B9000C5A018 /* CoreDataContainer.xcdatamodeld in Sources */,
				87E8AA252B09039800A5F2D4 /* Escaping.swift in Sources */,
				87FCA9852B0A6F1F00B7AF59 /* DownloadCombine.swift in Sources */,
				87D0EFD52AFD3CB300EF1672 /* LongPressGesture.swift in Sources */,
				872348432B1923320035A32C /* ImageLoadingViewModel.swift in Sources */,
				87FB08002B02E54200D757B2 /* CoreData.swift in Sources */,
				87676D472AFE6C4500E73AB6 /* MultipleSheets3.swift in Sources */,
				87676D572AFE8CE100E73AB6 /* LocalNotifications.swift in Sources */,
				87CE1DE42B14E7EF005863C7 /* PhotoModel.swift in Sources */,
				87E8AA282B090DA600A5F2D4 /* Codable.swift in Sources */,
				87FB2C2E2AFD961300480B5C /* ScrollViewReader.swift in Sources */,
				87E8AA222B09001A00A5F2D4 /* Typealias.swift in Sources */,
				87A16D7A2B139CF100317A1B /* Caching.swift in Sources */,
				87FB08032B02E69500D757B2 /* FruitsContainer.xcdatamodeld in Sources */,
				87E8AA1C2B08DD2200A5F2D4 /* BackgroundThread.swift in Sources */,
				87C127B72B0BCEE100BD1153 /* Subscriber.swift in Sources */,
				87CE1DE22B14E534005863C7 /* ImageApp.swift in Sources */,
				87FB2C322AFD9DB000480B5C /* GeometryReader.swift in Sources */,
				87DA48DF2AFE651F009C5A66 /* GeometryReader2.swift in Sources */,
				87676D5C2AFEF66500E73AB6 /* Arrays.swift in Sources */,
				87E8AA1F2B08F1A900A5F2D4 /* WeakSelf.swift in Sources */,
				87676D4E2AFE83BE00E73AB6 /* Sounds.swift in Sources */,
				87676D552AFE897800E73AB6 /* Haptics.swift in Sources */,
				87D0EFDB2AFD590A00EF1672 /* DragGesture.swift in Sources */,
				87676D4A2AFE789800E73AB6 /* Mask.swift in Sources */,
			);
			runOnlyForDeploymentPostprocessing = 0;
		};
/* End PBXSourcesBuildPhase section */

/* Begin XCBuildConfiguration section */
		87D0EFCF2AFD3C7200EF1672 /* Debug */ = {
			isa = XCBuildConfiguration;
			buildSettings = {
				ALWAYS_SEARCH_USER_PATHS = NO;
				ASSETCATALOG_COMPILER_GENERATE_SWIFT_ASSET_SYMBOL_EXTENSIONS = YES;
				CLANG_ANALYZER_NONNULL = YES;
				CLANG_ANALYZER_NUMBER_OBJECT_CONVERSION = YES_AGGRESSIVE;
				CLANG_CXX_LANGUAGE_STANDARD = "gnu++20";
				CLANG_ENABLE_MODULES = YES;
				CLANG_ENABLE_OBJC_ARC = YES;
				CLANG_ENABLE_OBJC_WEAK = YES;
				CLANG_WARN_BLOCK_CAPTURE_AUTORELEASING = YES;
				CLANG_WARN_BOOL_CONVERSION = YES;
				CLANG_WARN_COMMA = YES;
				CLANG_WARN_CONSTANT_CONVERSION = YES;
				CLANG_WARN_DEPRECATED_OBJC_IMPLEMENTATIONS = YES;
				CLANG_WARN_DIRECT_OBJC_ISA_USAGE = YES_ERROR;
				CLANG_WARN_DOCUMENTATION_COMMENTS = YES;
				CLANG_WARN_EMPTY_BODY = YES;
				CLANG_WARN_ENUM_CONVERSION = YES;
				CLANG_WARN_INFINITE_RECURSION = YES;
				CLANG_WARN_INT_CONVERSION = YES;
				CLANG_WARN_NON_LITERAL_NULL_CONVERSION = YES;
				CLANG_WARN_OBJC_IMPLICIT_RETAIN_SELF = YES;
				CLANG_WARN_OBJC_LITERAL_CONVERSION = YES;
				CLANG_WARN_OBJC_ROOT_CLASS = YES_ERROR;
				CLANG_WARN_QUOTED_INCLUDE_IN_FRAMEWORK_HEADER = YES;
				CLANG_WARN_RANGE_LOOP_ANALYSIS = YES;
				CLANG_WARN_STRICT_PROTOTYPES = YES;
				CLANG_WARN_SUSPICIOUS_MOVE = YES;
				CLANG_WARN_UNGUARDED_AVAILABILITY = YES_AGGRESSIVE;
				CLANG_WARN_UNREACHABLE_CODE = YES;
				CLANG_WARN__DUPLICATE_METHOD_MATCH = YES;
				COPY_PHASE_STRIP = NO;
				DEBUG_INFORMATION_FORMAT = dwarf;
				ENABLE_STRICT_OBJC_MSGSEND = YES;
				ENABLE_TESTABILITY = YES;
				ENABLE_USER_SCRIPT_SANDBOXING = YES;
				GCC_C_LANGUAGE_STANDARD = gnu17;
				GCC_DYNAMIC_NO_PIC = NO;
				GCC_NO_COMMON_BLOCKS = YES;
				GCC_OPTIMIZATION_LEVEL = 0;
				GCC_PREPROCESSOR_DEFINITIONS = (
					"DEBUG=1",
					"$(inherited)",
				);
				GCC_WARN_64_TO_32_BIT_CONVERSION = YES;
				GCC_WARN_ABOUT_RETURN_TYPE = YES_ERROR;
				GCC_WARN_UNDECLARED_SELECTOR = YES;
				GCC_WARN_UNINITIALIZED_AUTOS = YES_AGGRESSIVE;
				GCC_WARN_UNUSED_FUNCTION = YES;
				GCC_WARN_UNUSED_VARIABLE = YES;
				IPHONEOS_DEPLOYMENT_TARGET = 17.0;
				LOCALIZATION_PREFERS_STRING_CATALOGS = YES;
				MTL_ENABLE_DEBUG_INFO = INCLUDE_SOURCE;
				MTL_FAST_MATH = YES;
				ONLY_ACTIVE_ARCH = YES;
				SDKROOT = iphoneos;
				SWIFT_ACTIVE_COMPILATION_CONDITIONS = "DEBUG $(inherited)";
				SWIFT_OPTIMIZATION_LEVEL = "-Onone";
			};
			name = Debug;
		};
		87D0EFD02AFD3C7200EF1672 /* Release */ = {
			isa = XCBuildConfiguration;
			buildSettings = {
				ALWAYS_SEARCH_USER_PATHS = NO;
				ASSETCATALOG_COMPILER_GENERATE_SWIFT_ASSET_SYMBOL_EXTENSIONS = YES;
				CLANG_ANALYZER_NONNULL = YES;
				CLANG_ANALYZER_NUMBER_OBJECT_CONVERSION = YES_AGGRESSIVE;
				CLANG_CXX_LANGUAGE_STANDARD = "gnu++20";
				CLANG_ENABLE_MODULES = YES;
				CLANG_ENABLE_OBJC_ARC = YES;
				CLANG_ENABLE_OBJC_WEAK = YES;
				CLANG_WARN_BLOCK_CAPTURE_AUTORELEASING = YES;
				CLANG_WARN_BOOL_CONVERSION = YES;
				CLANG_WARN_COMMA = YES;
				CLANG_WARN_CONSTANT_CONVERSION = YES;
				CLANG_WARN_DEPRECATED_OBJC_IMPLEMENTATIONS = YES;
				CLANG_WARN_DIRECT_OBJC_ISA_USAGE = YES_ERROR;
				CLANG_WARN_DOCUMENTATION_COMMENTS = YES;
				CLANG_WARN_EMPTY_BODY = YES;
				CLANG_WARN_ENUM_CONVERSION = YES;
				CLANG_WARN_INFINITE_RECURSION = YES;
				CLANG_WARN_INT_CONVERSION = YES;
				CLANG_WARN_NON_LITERAL_NULL_CONVERSION = YES;
				CLANG_WARN_OBJC_IMPLICIT_RETAIN_SELF = YES;
				CLANG_WARN_OBJC_LITERAL_CONVERSION = YES;
				CLANG_WARN_OBJC_ROOT_CLASS = YES_ERROR;
				CLANG_WARN_QUOTED_INCLUDE_IN_FRAMEWORK_HEADER = YES;
				CLANG_WARN_RANGE_LOOP_ANALYSIS = YES;
				CLANG_WARN_STRICT_PROTOTYPES = YES;
				CLANG_WARN_SUSPICIOUS_MOVE = YES;
				CLANG_WARN_UNGUARDED_AVAILABILITY = YES_AGGRESSIVE;
				CLANG_WARN_UNREACHABLE_CODE = YES;
				CLANG_WARN__DUPLICATE_METHOD_MATCH = YES;
				COPY_PHASE_STRIP = NO;
				DEBUG_INFORMATION_FORMAT = "dwarf-with-dsym";
				ENABLE_NS_ASSERTIONS = NO;
				ENABLE_STRICT_OBJC_MSGSEND = YES;
				ENABLE_USER_SCRIPT_SANDBOXING = YES;
				GCC_C_LANGUAGE_STANDARD = gnu17;
				GCC_NO_COMMON_BLOCKS = YES;
				GCC_WARN_64_TO_32_BIT_CONVERSION = YES;
				GCC_WARN_ABOUT_RETURN_TYPE = YES_ERROR;
				GCC_WARN_UNDECLARED_SELECTOR = YES;
				GCC_WARN_UNINITIALIZED_AUTOS = YES_AGGRESSIVE;
				GCC_WARN_UNUSED_FUNCTION = YES;
				GCC_WARN_UNUSED_VARIABLE = YES;
				IPHONEOS_DEPLOYMENT_TARGET = 17.0;
				LOCALIZATION_PREFERS_STRING_CATALOGS = YES;
				MTL_ENABLE_DEBUG_INFO = NO;
				MTL_FAST_MATH = YES;
				SDKROOT = iphoneos;
				SWIFT_COMPILATION_MODE = wholemodule;
				VALIDATE_PRODUCT = YES;
			};
			name = Release;
		};
		87D0EFD22AFD3C7200EF1672 /* Debug */ = {
			isa = XCBuildConfiguration;
			buildSettings = {
				ASSETCATALOG_COMPILER_APPICON_NAME = AppIcon;
				ASSETCATALOG_COMPILER_GLOBAL_ACCENT_COLOR_NAME = AccentColor;
				CODE_SIGN_STYLE = Automatic;
				CURRENT_PROJECT_VERSION = 1;
				DEVELOPMENT_ASSET_PATHS = "\"SwiftUIInter/Preview Content\"";
				DEVELOPMENT_TEAM = G64HSUAAY3;
				ENABLE_PREVIEWS = YES;
				GENERATE_INFOPLIST_FILE = YES;
				INFOPLIST_KEY_UIApplicationSceneManifest_Generation = YES;
				INFOPLIST_KEY_UIApplicationSupportsIndirectInputEvents = YES;
				INFOPLIST_KEY_UILaunchScreen_Generation = YES;
				INFOPLIST_KEY_UISupportedInterfaceOrientations_iPad = "UIInterfaceOrientationPortrait UIInterfaceOrientationPortraitUpsideDown UIInterfaceOrientationLandscapeLeft UIInterfaceOrientationLandscapeRight";
				INFOPLIST_KEY_UISupportedInterfaceOrientations_iPhone = "UIInterfaceOrientationPortrait UIInterfaceOrientationLandscapeLeft UIInterfaceOrientationLandscapeRight";
				LD_RUNPATH_SEARCH_PATHS = (
					"$(inherited)",
					"@executable_path/Frameworks",
				);
				MARKETING_VERSION = 1.0;
				PRODUCT_BUNDLE_IDENTIFIER = com.nimchynskyi.SwiftUIInter;
				PRODUCT_NAME = "$(TARGET_NAME)";
				SWIFT_EMIT_LOC_STRINGS = YES;
				SWIFT_VERSION = 5.0;
				TARGETED_DEVICE_FAMILY = "1,2";
			};
			name = Debug;
		};
		87D0EFD32AFD3C7200EF1672 /* Release */ = {
			isa = XCBuildConfiguration;
			buildSettings = {
				ASSETCATALOG_COMPILER_APPICON_NAME = AppIcon;
				ASSETCATALOG_COMPILER_GLOBAL_ACCENT_COLOR_NAME = AccentColor;
				CODE_SIGN_STYLE = Automatic;
				CURRENT_PROJECT_VERSION = 1;
				DEVELOPMENT_ASSET_PATHS = "\"SwiftUIInter/Preview Content\"";
				DEVELOPMENT_TEAM = G64HSUAAY3;
				ENABLE_PREVIEWS = YES;
				GENERATE_INFOPLIST_FILE = YES;
				INFOPLIST_KEY_UIApplicationSceneManifest_Generation = YES;
				INFOPLIST_KEY_UIApplicationSupportsIndirectInputEvents = YES;
				INFOPLIST_KEY_UILaunchScreen_Generation = YES;
				INFOPLIST_KEY_UISupportedInterfaceOrientations_iPad = "UIInterfaceOrientationPortrait UIInterfaceOrientationPortraitUpsideDown UIInterfaceOrientationLandscapeLeft UIInterfaceOrientationLandscapeRight";
				INFOPLIST_KEY_UISupportedInterfaceOrientations_iPhone = "UIInterfaceOrientationPortrait UIInterfaceOrientationLandscapeLeft UIInterfaceOrientationLandscapeRight";
				LD_RUNPATH_SEARCH_PATHS = (
					"$(inherited)",
					"@executable_path/Frameworks",
				);
				MARKETING_VERSION = 1.0;
				PRODUCT_BUNDLE_IDENTIFIER = com.nimchynskyi.SwiftUIInter;
				PRODUCT_NAME = "$(TARGET_NAME)";
				SWIFT_EMIT_LOC_STRINGS = YES;
				SWIFT_VERSION = 5.0;
				TARGETED_DEVICE_FAMILY = "1,2";
			};
			name = Release;
		};
/* End XCBuildConfiguration section */

/* Begin XCConfigurationList section */
		87D0EFBE2AFD3C6F00EF1672 /* Build configuration list for PBXProject "SwiftUIInter" */ = {
			isa = XCConfigurationList;
			buildConfigurations = (
				87D0EFCF2AFD3C7200EF1672 /* Debug */,
				87D0EFD02AFD3C7200EF1672 /* Release */,
			);
			defaultConfigurationIsVisible = 0;
			defaultConfigurationName = Release;
		};
		87D0EFD12AFD3C7200EF1672 /* Build configuration list for PBXNativeTarget "SwiftUIInter" */ = {
			isa = XCConfigurationList;
			buildConfigurations = (
				87D0EFD22AFD3C7200EF1672 /* Debug */,
				87D0EFD32AFD3C7200EF1672 /* Release */,
			);
			defaultConfigurationIsVisible = 0;
			defaultConfigurationName = Release;
		};
/* End XCConfigurationList section */

/* Begin XCVersionGroup section */
		878C08862B057B9000C5A018 /* CoreDataContainer.xcdatamodeld */ = {
			isa = XCVersionGroup;
			children = (
				878C08872B057B9000C5A018 /* CoreDataContainer.xcdatamodel */,
			);
			currentVersion = 878C08872B057B9000C5A018 /* CoreDataContainer.xcdatamodel */;
			path = CoreDataContainer.xcdatamodeld;
			sourceTree = "<group>";
			versionGroupType = wrapper.xcdatamodel;
		};
		87FB08012B02E69500D757B2 /* FruitsContainer.xcdatamodeld */ = {
			isa = XCVersionGroup;
			children = (
				87FB08022B02E69500D757B2 /* FruitsContainer.xcdatamodel */,
			);
			currentVersion = 87FB08022B02E69500D757B2 /* FruitsContainer.xcdatamodel */;
			path = FruitsContainer.xcdatamodeld;
			sourceTree = "<group>";
			versionGroupType = wrapper.xcdatamodel;
		};
/* End XCVersionGroup section */
	};
	rootObject = 87D0EFBB2AFD3C6F00EF1672 /* Project object */;
}
